
Microsoft Visual Studio Solution File, Format Version 12.00
# Visual Studio Version 17
VisualStudioVersion = 17.9.34902.65
MinimumVisualStudioVersion = 10.0.40219.1
Project("{FAE04EC0-301F-11D3-BF4B-00C04F79EFBC}") = "ATM", "ATM\ATM.csproj", "{FFFA9F9E-253D-4DFC-9090-B1A67110967D}"
EndProject
Global
	GlobalSection(SolutionConfigurationPlatforms) = preSolution
		Debug|Any CPU = Debug|Any CPU
		Release|Any CPU = Release|Any CPU
	EndGlobalSection
	GlobalSection(ProjectConfigurationPlatforms) = postSolution
		{FFFA9F9E-253D-4DFC-9090-B1A67110967D}.Debug|Any CPU.ActiveCfg = Debug|Any CPU
		{FFFA9F9E-253D-4DFC-9090-B1A67110967D}.Debug|Any CPU.Build.0 = Debug|Any CPU
		{FFFA9F9E-253D-4DFC-9090-B1A67110967D}.Release|Any CPU.ActiveCfg = Release|Any CPU
		{FFFA9F9E-253D-4DFC-9090-B1A67110967D}.Release|Any CPU.Build.0 = Release|Any CPU
	EndGlobalSection
	GlobalSection(SolutionProperties) = preSolution
		HideSolutionNode = FALSE
	EndGlobalSection
	GlobalSection(ExtensibilityGlobals) = postSolution
		SolutionGuid = {8775FF7B-CE79-4A54-9A06-5EAF7044E3A5}
	EndGlobalSection
EndGlobal
